
Microsoft Visual Studio Solution File, Format Version 12.00
# Visual Studio Version 16
VisualStudioVersion = 16.0.28809.33
MinimumVisualStudioVersion = 10.0.40219.1
Project("{FAE04EC0-301F-11D3-BF4B-00C04F79EFBC}") = "FH4TelemetryServer", "FH4TelemetryServer.csproj", "{F087E3F7-A270-4496-A1CC-53BEA1294C25}"
EndProject
Global
	GlobalSection(SolutionConfigurationPlatforms) = preSolution
		Debug|Any CPU = Debug|Any CPU
		Release|Any CPU = Release|Any CPU
	EndGlobalSection
	GlobalSection(ProjectConfigurationPlatforms) = postSolution
		{F087E3F7-A270-4496-A1CC-53BEA1294C25}.Debug|Any CPU.ActiveCfg = Debug|Any CPU
		{F087E3F7-A270-4496-A1CC-53BEA1294C25}.Debug|Any CPU.Build.0 = Debug|Any CPU
		{F087E3F7-A270-4496-A1CC-53BEA1294C25}.Release|Any CPU.ActiveCfg = Release|Any CPU
		{F087E3F7-A270-4496-A1CC-53BEA1294C25}.Release|Any CPU.Build.0 = Release|Any CPU
	EndGlobalSection
	GlobalSection(SolutionProperties) = preSolution
		HideSolutionNode = FALSE
	EndGlobalSection
	GlobalSection(ExtensibilityGlobals) = postSolution
		SolutionGuid = {E19E7AA6-6FCF-474C-B3DE-823FF2A8EA51}
	EndGlobalSection
EndGlobal
